
Microsoft Visual Studio Solution File, Format Version 12.00
# Visual Studio Version 17
VisualStudioVersion = 17.0.31912.275
MinimumVisualStudioVersion = 10.0.40219.1
Project("{FAE04EC0-301F-11D3-BF4B-00C04F79EFBC}") = "LiveTrafficProject", "LiveTrafficProject\LiveTrafficProject.csproj", "{42B31902-0F18-48CB-8F46-24A792C7A3CD}"
EndProject
Global
	GlobalSection(SolutionConfigurationPlatforms) = preSolution
		Debug|Any CPU = Debug|Any CPU
		Release|Any CPU = Release|Any CPU
	EndGlobalSection
	GlobalSection(ProjectConfigurationPlatforms) = postSolution
		{42B31902-0F18-48CB-8F46-24A792C7A3CD}.Debug|Any CPU.ActiveCfg = Debug|Any CPU
		{42B31902-0F18-48CB-8F46-24A792C7A3CD}.Debug|Any CPU.Build.0 = Debug|Any CPU
		{42B31902-0F18-48CB-8F46-24A792C7A3CD}.Release|Any CPU.ActiveCfg = Release|Any CPU
		{42B31902-0F18-48CB-8F46-24A792C7A3CD}.Release|Any CPU.Build.0 = Release|Any CPU
	EndGlobalSection
	GlobalSection(SolutionProperties) = preSolution
		HideSolutionNode = FALSE
	EndGlobalSection
	GlobalSection(ExtensibilityGlobals) = postSolution
		SolutionGuid = {3D47E7D7-AF6D-4389-8D72-138C61412B3A}
	EndGlobalSection
EndGlobal
